
Microsoft Visual Studio Solution File, Format Version 12.00
# Visual Studio Version 16
VisualStudioVersion = 16.0.31112.23
MinimumVisualStudioVersion = 10.0.40219.1
Project("{FAE04EC0-301F-11D3-BF4B-00C04F79EFBC}") = "TLDQOL_Windproof", "TLDQOL_Windproof.csproj", "{BCE5FB5F-EE4C-4731-8D0B-56EC0501563E}"
EndProject
Global
	GlobalSection(SolutionConfigurationPlatforms) = preSolution
		Debug|Any CPU = Debug|Any CPU
		Release|Any CPU = Release|Any CPU
	EndGlobalSection
	GlobalSection(ProjectConfigurationPlatforms) = postSolution
		{BCE5FB5F-EE4C-4731-8D0B-56EC0501563E}.Debug|Any CPU.ActiveCfg = Debug|Any CPU
		{BCE5FB5F-EE4C-4731-8D0B-56EC0501563E}.Debug|Any CPU.Build.0 = Debug|Any CPU
		{BCE5FB5F-EE4C-4731-8D0B-56EC0501563E}.Release|Any CPU.ActiveCfg = Release|Any CPU
		{BCE5FB5F-EE4C-4731-8D0B-56EC0501563E}.Release|Any CPU.Build.0 = Release|Any CPU
	EndGlobalSection
	GlobalSection(SolutionProperties) = preSolution
		HideSolutionNode = FALSE
	EndGlobalSection
	GlobalSection(ExtensibilityGlobals) = postSolution
		SolutionGuid = {B14CCB46-6CCC-4219-89B9-658792C26BA0}
	EndGlobalSection
EndGlobal
